{
  "pins" : [
    {
      "identity" : "swift-concurrency-extras",
      "kind" : "remoteSourceControl",
      "location" : "https://github.com/pointfreeco/swift-concurrency-extras",
      "state" : {
        "revision" : "ea631ce892687f5432a833312292b80db238186a",
        "version" : "1.0.0"
      }
    }
  ],
  "version" : 2
}
